// !$*UTF8*$!
{
	archiveVersion = 1;
	classes = {
	};
	objectVersion = 48;
	objects = {

/* Begin PBXBuildFile section */
		2952BEA220140CC10074D768 /* AppDelegate.swift in Sources */ = {isa = PBXBuildFile; fileRef = 2952BEA120140CC10074D768 /* AppDelegate.swift */; };
		2952BEA420140CC10074D768 /* ViewController.swift in Sources */ = {isa = PBXBuildFile; fileRef = 2952BEA320140CC10074D768 /* ViewController.swift */; };
		2952BEA720140CC10074D768 /* Main.storyboard in Resources */ = {isa = PBXBuildFile; fileRef = 2952BEA520140CC10074D768 /* Main.storyboard */; };
		2952BEA920140CC10074D768 /* Assets.xcassets in Resources */ = {isa = PBXBuildFile; fileRef = 2952BEA820140CC10074D768 /* Assets.xcassets */; };
		2952BEAC20140CC10074D768 /* LaunchScreen.storyboard in Resources */ = {isa = PBXBuildFile; fileRef = 2952BEAA20140CC10074D768 /* LaunchScreen.storyboard */; };
		2952BEB720140CC10074D768 /* Take_me_homeTests.swift in Sources */ = {isa = PBXBuildFile; fileRef = 2952BEB620140CC10074D768 /* Take_me_homeTests.swift */; };
		2952BEC220140CC20074D768 /* Take_me_homeUITests.swift in Sources */ = {isa = PBXBuildFile; fileRef = 2952BEC120140CC20074D768 /* Take_me_homeUITests.swift */; };
/* End PBXBuildFile section */

/* Begin PBXContainerItemProxy section */
		2952BEB320140CC10074D768 /* PBXContainerItemProxy */ = {
			isa = PBXContainerItemProxy;
			containerPortal = 2952BE9620140CC00074D768 /* Project object */;
			proxyType = 1;
			remoteGlobalIDString = 2952BE9D20140CC10074D768;
			remoteInfo = "Take me home";
		};
		2952BEBE20140CC20074D768 /* PBXContainerItemProxy */ = {
			isa = PBXContainerItemProxy;
			containerPortal = 2952BE9620140CC00074D768 /* Project object */;
			proxyType = 1;
			remoteGlobalIDString = 2952BE9D20140CC10074D768;
			remoteInfo = "Take me home";
		};
/* End PBXContainerItemProxy section */

/* Begin PBXFileReference section */
		2952BE9E20140CC10074D768 /* Take me home.app */ = {isa = PBXFileReference; explicitFileType = wrapper.application; includeInIndex = 0; path = "Take me home.app"; sourceTree = BUILT_PRODUCTS_DIR; };
		2952BEA120140CC10074D768 /* AppDelegate.swift */ = {isa = PBXFileReference; lastKnownFileType = sourcecode.swift; path = AppDelegate.swift; sourceTree = "<group>"; };
		2952BEA320140CC10074D768 /* ViewController.swift */ = {isa = PBXFileReference; lastKnownFileType = sourcecode.swift; path = ViewController.swift; sourceTree = "<group>"; };
		2952BEA620140CC10074D768 /* Base */ = {isa = PBXFileReference; lastKnownFileType = file.storyboard; name = Base; path = Base.lproj/Main.storyboard; sourceTree = "<group>"; };
		2952BEA820140CC10074D768 /* Assets.xcassets */ = {isa = PBXFileReference; lastKnownFileType = folder.assetcatalog; path = Assets.xcassets; sourceTree = "<group>"; };
		2952BEAB20140CC10074D768 /* Base */ = {isa = PBXFileReference; lastKnownFileType = file.storyboard; name = Base; path = Base.lproj/LaunchScreen.storyboard; sourceTree = "<group>"; };
		2952BEAD20140CC10074D768 /* Info.plist */ = {isa = PBXFileReference; lastKnownFileType = text.plist.xml; path = Info.plist; sourceTree = "<group>"; };
		2952BEB220140CC10074D768 /* Take me homeTests.xctest */ = {isa = PBXFileReference; explicitFileType = wrapper.cfbundle; includeInIndex = 0; path = "Take me homeTests.xctest"; sourceTree = BUILT_PRODUCTS_DIR; };
		2952BEB620140CC10074D768 /* Take_me_homeTests.swift */ = {isa = PBXFileReference; lastKnownFileType = sourcecode.swift; path = Take_me_homeTests.swift; sourceTree = "<group>"; };
		2952BEB820140CC10074D768 /* Info.plist */ = {isa = PBXFileReference; lastKnownFileType = text.plist.xml; path = Info.plist; sourceTree = "<group>"; };
		2952BEBD20140CC20074D768 /* Take me homeUITests.xctest */ = {isa = PBXFileReference; explicitFileType = wrapper.cfbundle; includeInIndex = 0; path = "Take me homeUITests.xctest"; sourceTree = BUILT_PRODUCTS_DIR; };
		2952BEC120140CC20074D768 /* Take_me_homeUITests.swift */ = {isa = PBXFileReference; lastKnownFileType = sourcecode.swift; path = Take_me_homeUITests.swift; sourceTree = "<group>"; };
		2952BEC320140CC20074D768 /* Info.plist */ = {isa = PBXFileReference; lastKnownFileType = text.plist.xml; path = Info.plist; sourceTree = "<group>"; };
/* End PBXFileReference section */

/* Begin PBXFrameworksBuildPhase section */
		2952BE9B20140CC10074D768 /* Frameworks */ = {
			isa = PBXFrameworksBuildPhase;
			buildActionMask = 2147483647;
			files = (
			);
			runOnlyForDeploymentPostprocessing = 0;
		};
		2952BEAF20140CC10074D768 /* Frameworks */ = {
			isa = PBXFrameworksBuildPhase;
			buildActionMask = 2147483647;
			files = (
			);
			runOnlyForDeploymentPostprocessing = 0;
		};
		2952BEBA20140CC20074D768 /* Frameworks */ = {
			isa = PBXFrameworksBuildPhase;
			buildActionMask = 2147483647;
			files = (
			);
			runOnlyForDeploymentPostprocessing = 0;
		};
/* End PBXFrameworksBuildPhase section */

/* Begin PBXGroup section */
		2952BE9520140CC00074D768 = {
			isa = PBXGroup;
			children = (
				2952BEA020140CC10074D768 /* Take me home */,
				2952BEB520140CC10074D768 /* Take me homeTests */,
				2952BEC020140CC20074D768 /* Take me homeUITests */,
				2952BE9F20140CC10074D768 /* Products */,
			);
			sourceTree = "<group>";
		};
		2952BE9F20140CC10074D768 /* Products */ = {
			isa = PBXGroup;
			children = (
				2952BE9E20140CC10074D768 /* Take me home.app */,
				2952BEB220140CC10074D768 /* Take me homeTests.xctest */,
				2952BEBD20140CC20074D768 /* Take me homeUITests.xctest */,
			);
			name = Products;
			sourceTree = "<group>";
		};
		2952BEA020140CC10074D768 /* Take me home */ = {
			isa = PBXGroup;
			children = (
				2952BEA120140CC10074D768 /* AppDelegate.swift */,
				2952BEA320140CC10074D768 /* ViewController.swift */,
				2952BEA520140CC10074D768 /* Main.storyboard */,
				2952BEA820140CC10074D768 /* Assets.xcassets */,
				2952BEAA20140CC10074D768 /* LaunchScreen.storyboard */,
				2952BEAD20140CC10074D768 /* Info.plist */,
			);
			path = "Take me home";
			sourceTree = "<group>";
		};
		2952BEB520140CC10074D768 /* Take me homeTests */ = {
			isa = PBXGroup;
			children = (
				2952BEB620140CC10074D768 /* Take_me_homeTests.swift */,
				2952BEB820140CC10074D768 /* Info.plist */,
			);
			path = "Take me homeTests";
			sourceTree = "<group>";
		};
		2952BEC020140CC20074D768 /* Take me homeUITests */ = {
			isa = PBXGroup;
			children = (
				2952BEC120140CC20074D768 /* Take_me_homeUITests.swift */,
				2952BEC320140CC20074D768 /* Info.plist */,
			);
			path = "Take me homeUITests";
			sourceTree = "<group>";
		};
/* End PBXGroup section */

/* Begin PBXNativeTarget section */
		2952BE9D20140CC10074D768 /* Take me home */ = {
			isa = PBXNativeTarget;
			buildConfigurationList = 2952BEC620140CC20074D768 /* Build configuration list for PBXNativeTarget "Take me home" */;
			buildPhases = (
				2952BE9A20140CC10074D768 /* Sources */,
				2952BE9B20140CC10074D768 /* Frameworks */,
				2952BE9C20140CC10074D768 /* Resources */,
			);
			buildRules = (
			);
			dependencies = (
			);
			name = "Take me home";
			productName = "Take me home";
			productReference = 2952BE9E20140CC10074D768 /* Take me home.app */;
			productType = "com.apple.product-type.application";
		};
		2952BEB120140CC10074D768 /* Take me homeTests */ = {
			isa = PBXNativeTarget;
			buildConfigurationList = 2952BEC920140CC20074D768 /* Build configuration list for PBXNativeTarget "Take me homeTests" */;
			buildPhases = (
				2952BEAE20140CC10074D768 /* Sources */,
				2952BEAF20140CC10074D768 /* Frameworks */,
				2952BEB020140CC10074D768 /* Resources */,
			);
			buildRules = (
			);
			dependencies = (
				2952BEB420140CC10074D768 /* PBXTargetDependency */,
			);
			name = "Take me homeTests";
			productName = "Take me homeTests";
			productReference = 2952BEB220140CC10074D768 /* Take me homeTests.xctest */;
			productType = "com.apple.product-type.bundle.unit-test";
		};
		2952BEBC20140CC20074D768 /* Take me homeUITests */ = {
			isa = PBXNativeTarget;
			buildConfigurationList = 2952BECC20140CC20074D768 /* Build configuration list for PBXNativeTarget "Take me homeUITests" */;
			buildPhases = (
				2952BEB920140CC20074D768 /* Sources */,
				2952BEBA20140CC20074D768 /* Frameworks */,
				2952BEBB20140CC20074D768 /* Resources */,
			);
			buildRules = (
			);
			dependencies = (
				2952BEBF20140CC20074D768 /* PBXTargetDependency */,
			);
			name = "Take me homeUITests";
			productName = "Take me homeUITests";
			productReference = 2952BEBD20140CC20074D768 /* Take me homeUITests.xctest */;
			productType = "com.apple.product-type.bundle.ui-testing";
		};
/* End PBXNativeTarget section */

/* Begin PBXProject section */
		2952BE9620140CC00074D768 /* Project object */ = {
			isa = PBXProject;
			attributes = {
				LastSwiftUpdateCheck = 0910;
				LastUpgradeCheck = 0910;
				ORGANIZATIONNAME = "Dozie Enwerem";
				TargetAttributes = {
					2952BE9D20140CC10074D768 = {
						CreatedOnToolsVersion = 9.1;
						ProvisioningStyle = Automatic;
					};
					2952BEB120140CC10074D768 = {
						CreatedOnToolsVersion = 9.1;
						ProvisioningStyle = Automatic;
						TestTargetID = 2952BE9D20140CC10074D768;
					};
					2952BEBC20140CC20074D768 = {
						CreatedOnToolsVersion = 9.1;
						ProvisioningStyle = Automatic;
						TestTargetID = 2952BE9D20140CC10074D768;
					};
				};
			};
			buildConfigurationList = 2952BE9920140CC00074D768 /* Build configuration list for PBXProject "Take me home" */;
			compatibilityVersion = "Xcode 8.0";
			developmentRegion = en;
			hasScannedForEncodings = 0;
			knownRegions = (
				en,
				Base,
			);
			mainGroup = 2952BE9520140CC00074D768;
			productRefGroup = 2952BE9F20140CC10074D768 /* Products */;
			projectDirPath = "";
			projectRoot = "";
			targets = (
				2952BE9D20140CC10074D768 /* Take me home */,
				2952BEB120140CC10074D768 /* Take me homeTests */,
				2952BEBC20140CC20074D768 /* Take me homeUITests */,
			);
		};
/* End PBXProject section */

/* Begin PBXResourcesBuildPhase section */
		2952BE9C20140CC10074D768 /* Resources */ = {
			isa = PBXResourcesBuildPhase;
			buildActionMask = 2147483647;
			files = (
				2952BEAC20140CC10074D768 /* LaunchScreen.storyboard in Resources */,
				2952BEA920140CC10074D768 /* Assets.xcassets in Resources */,
				2952BEA720140CC10074D768 /* Main.storyboard in Resources */,
			);
			runOnlyForDeploymentPostprocessing = 0;
		};
		2952BEB020140CC10074D768 /* Resources */ = {
			isa = PBXResourcesBuildPhase;
			buildActionMask = 2147483647;
			files = (
			);
			runOnlyForDeploymentPostprocessing = 0;
		};
		2952BEBB20140CC20074D768 /* Resources */ = {
			isa = PBXResourcesBuildPhase;
			buildActionMask = 2147483647;
			files = (
			);
			runOnlyForDeploymentPostprocessing = 0;
		};
/* End PBXResourcesBuildPhase section */

/* Begin PBXSourcesBuildPhase section */
		2952BE9A20140CC10074D768 /* Sources */ = {
			isa = PBXSourcesBuildPhase;
			buildActionMask = 2147483647;
			files = (
				2952BEA420140CC10074D768 /* ViewController.swift in Sources */,
				2952BEA220140CC10074D768 /* AppDelegate.swift in Sources */,
			);
			runOnlyForDeploymentPostprocessing = 0;
		};
		2952BEAE20140CC10074D768 /* Sources */ = {
			isa = PBXSourcesBuildPhase;
			buildActionMask = 2147483647;
			files = (
				2952BEB720140CC10074D768 /* Take_me_homeTests.swift in Sources */,
			);
			runOnlyForDeploymentPostprocessing = 0;
		};
		2952BEB920140CC20074D768 /* Sources */ = {
			isa = PBXSourcesBuildPhase;
			buildActionMask = 2147483647;
			files = (
				2952BEC220140CC20074D768 /* Take_me_homeUITests.swift in Sources */,
			);
			runOnlyForDeploymentPostprocessing = 0;
		};
/* End PBXSourcesBuildPhase section */

/* Begin PBXTargetDependency section */
		2952BEB420140CC10074D768 /* PBXTargetDependency */ = {
			isa = PBXTargetDependency;
			target = 2952BE9D20140CC10074D768 /* Take me home */;
			targetProxy = 2952BEB320140CC10074D768 /* PBXContainerItemProxy */;
		};
		2952BEBF20140CC20074D768 /* PBXTargetDependency */ = {
			isa = PBXTargetDependency;
			target = 2952BE9D20140CC10074D768 /* Take me home */;
			targetProxy = 2952BEBE20140CC20074D768 /* PBXContainerItemProxy */;
		};
/* End PBXTargetDependency section */

/* Begin PBXVariantGroup section */
		2952BEA520140CC10074D768 /* Main.storyboard */ = {
			isa = PBXVariantGroup;
			children = (
				2952BEA620140CC10074D768 /* Base */,
			);
			name = Main.storyboard;
			sourceTree = "<group>";
		};
		2952BEAA20140CC10074D768 /* LaunchScreen.storyboard */ = {
			isa = PBXVariantGroup;
			children = (
				2952BEAB20140CC10074D768 /* Base */,
			);
			name = LaunchScreen.storyboard;
			sourceTree = "<group>";
		};
/* End PBXVariantGroup section */

/* Begin XCBuildConfiguration section */
		2952BEC420140CC20074D768 /* Debug */ = {
			isa = XCBuildConfiguration;
			buildSettings = {
				ALWAYS_SEARCH_USER_PATHS = NO;
				CLANG_ANALYZER_NONNULL = YES;
				CLANG_ANALYZER_NUMBER_OBJECT_CONVERSION = YES_AGGRESSIVE;
				CLANG_CXX_LANGUAGE_STANDARD = "gnu++14";
				CLANG_CXX_LIBRARY = "libc++";
				CLANG_ENABLE_MODULES = YES;
				CLANG_ENABLE_OBJC_ARC = YES;
				CLANG_WARN_BLOCK_CAPTURE_AUTORELEASING = YES;
				CLANG_WARN_BOOL_CONVERSION = YES;
				CLANG_WARN_COMMA = YES;
				CLANG_WARN_CONSTANT_CONVERSION = YES;
				CLANG_WARN_DIRECT_OBJC_ISA_USAGE = YES_ERROR;
				CLANG_WARN_DOCUMENTATION_COMMENTS = YES;
				CLANG_WARN_EMPTY_BODY = YES;
				CLANG_WARN_ENUM_CONVERSION = YES;
				CLANG_WARN_INFINITE_RECURSION = YES;
				CLANG_WARN_INT_CONVERSION = YES;
				CLANG_WARN_NON_LITERAL_NULL_CONVERSION = YES;
				CLANG_WARN_OBJC_LITERAL_CONVERSION = YES;
				CLANG_WARN_OBJC_ROOT_CLASS = YES_ERROR;
				CLANG_WARN_RANGE_LOOP_ANALYSIS = YES;
				CLANG_WARN_STRICT_PROTOTYPES = YES;
				CLANG_WARN_SUSPICIOUS_MOVE = YES;
				CLANG_WARN_UNGUARDED_AVAILABILITY = YES_AGGRESSIVE;
				CLANG_WARN_UNREACHABLE_CODE = YES;
				CLANG_WARN__DUPLICATE_METHOD_MATCH = YES;
				CODE_SIGN_IDENTITY = "iPhone Developer";
				COPY_PHASE_STRIP = NO;
				DEBUG_INFORMATION_FORMAT = dwarf;
				ENABLE_STRICT_OBJC_MSGSEND = YES;
				ENABLE_TESTABILITY = YES;
				GCC_C_LANGUAGE_STANDARD = gnu11;
				GCC_DYNAMIC_NO_PIC = NO;
				GCC_NO_COMMON_BLOCKS = YES;
				GCC_OPTIMIZATION_LEVEL = 0;
				GCC_PREPROCESSOR_DEFINITIONS = (
					"DEBUG=1",
					"$(inherited)",
				);
				GCC_WARN_64_TO_32_BIT_CONVERSION = YES;
				GCC_WARN_ABOUT_RETURN_TYPE = YES_ERROR;
				GCC_WARN_UNDECLARED_SELECTOR = YES;
				GCC_WARN_UNINITIALIZED_AUTOS = YES_AGGRESSIVE;
				GCC_WARN_UNUSED_FUNCTION = YES;
				GCC_WARN_UNUSED_VARIABLE = YES;
				IPHONEOS_DEPLOYMENT_TARGET = 11.1;
				MTL_ENABLE_DEBUG_INFO = YES;
				ONLY_ACTIVE_ARCH = YES;
				SDKROOT = iphoneos;
				SWIFT_ACTIVE_COMPILATION_CONDITIONS = DEBUG;
				SWIFT_OPTIMIZATION_LEVEL = "-Onone";
			};
			name = Debug;
		};
		2952BEC520140CC20074D768 /* Release */ = {
			isa = XCBuildConfiguration;
			buildSettings = {
				ALWAYS_SEARCH_USER_PATHS = NO;
				CLANG_ANALYZER_NONNULL = YES;
				CLANG_ANALYZER_NUMBER_OBJECT_CONVERSION = YES_AGGRESSIVE;
				CLANG_CXX_LANGUAGE_STANDARD = "gnu++14";
				CLANG_CXX_LIBRARY = "libc++";
				CLANG_ENABLE_MODULES = YES;
				CLANG_ENABLE_OBJC_ARC = YES;
				CLANG_WARN_BLOCK_CAPTURE_AUTORELEASING = YES;
				CLANG_WARN_BOOL_CONVERSION = YES;
				CLANG_WARN_COMMA = YES;
				CLANG_WARN_CONSTANT_CONVERSION = YES;
				CLANG_WARN_DIRECT_OBJC_ISA_USAGE = YES_ERROR;
				CLANG_WARN_DOCUMENTATION_COMMENTS = YES;
				CLANG_WARN_EMPTY_BODY = YES;
				CLANG_WARN_ENUM_CONVERSION = YES;
				CLANG_WARN_INFINITE_RECURSION = YES;
				CLANG_WARN_INT_CONVERSION = YES;
				CLANG_WARN_NON_LITERAL_NULL_CONVERSION = YES;
				CLANG_WARN_OBJC_LITERAL_CONVERSION = YES;
				CLANG_WARN_OBJC_ROOT_CLASS = YES_ERROR;
				CLANG_WARN_RANGE_LOOP_ANALYSIS = YES;
				CLANG_WARN_STRICT_PROTOTYPES = YES;
				CLANG_WARN_SUSPICIOUS_MOVE = YES;
				CLANG_WARN_UNGUARDED_AVAILABILITY = YES_AGGRESSIVE;
				CLANG_WARN_UNREACHABLE_CODE = YES;
				CLANG_WARN__DUPLICATE_METHOD_MATCH = YES;
				CODE_SIGN_IDENTITY = "iPhone Developer";
				COPY_PHASE_STRIP = NO;
				DEBUG_INFORMATION_FORMAT = "dwarf-with-dsym";
				ENABLE_NS_ASSERTIONS = NO;
				ENABLE_STRICT_OBJC_MSGSEND = YES;
				GCC_C_LANGUAGE_STANDARD = gnu11;
				GCC_NO_COMMON_BLOCKS = YES;
				GCC_WARN_64_TO_32_BIT_CONVERSION = YES;
				GCC_WARN_ABOUT_RETURN_TYPE = YES_ERROR;
				GCC_WARN_UNDECLARED_SELECTOR = YES;
				GCC_WARN_UNINITIALIZED_AUTOS = YES_AGGRESSIVE;
				GCC_WARN_UNUSED_FUNCTION = YES;
				GCC_WARN_UNUSED_VARIABLE = YES;
				IPHONEOS_DEPLOYMENT_TARGET = 11.1;
				MTL_ENABLE_DEBUG_INFO = NO;
				SDKROOT = iphoneos;
				SWIFT_OPTIMIZATION_LEVEL = "-Owholemodule";
				VALIDATE_PRODUCT = YES;
			};
			name = Release;
		};
		2952BEC720140CC20074D768 /* Debug */ = {
			isa = XCBuildConfiguration;
			buildSettings = {
				ASSETCATALOG_COMPILER_APPICON_NAME = AppIcon;
				CODE_SIGN_STYLE = Automatic;
				INFOPLIST_FILE = "Take me home/Info.plist";
				LD_RUNPATH_SEARCH_PATHS = "$(inherited) @executable_path/Frameworks";
				PRODUCT_BUNDLE_IDENTIFIER = "chalgs.Take-me-home";
				PRODUCT_NAME = "$(TARGET_NAME)";
				SWIFT_VERSION = 4.0;
				TARGETED_DEVICE_FAMILY = "1,2";
			};
			name = Debug;
		};
		2952BEC820140CC20074D768 /* Release */ = {
			isa = XCBuildConfiguration;
			buildSettings = {
				ASSETCATALOG_COMPILER_APPICON_NAME = AppIcon;
				CODE_SIGN_STYLE = Automatic;
				INFOPLIST_FILE = "Take me home/Info.plist";
				LD_RUNPATH_SEARCH_PATHS = "$(inherited) @executable_path/Frameworks";
				PRODUCT_BUNDLE_IDENTIFIER = "chalgs.Take-me-home";
				PRODUCT_NAME = "$(TARGET_NAME)";
				SWIFT_VERSION = 4.0;
				TARGETED_DEVICE_FAMILY = "1,2";
			};
			name = Release;
		};
		2952BECA20140CC20074D768 /* Debug */ = {
			isa = XCBuildConfiguration;
			buildSettings = {
				ALWAYS_EMBED_SWIFT_STANDARD_LIBRARIES = YES;
				BUNDLE_LOADER = "$(TEST_HOST)";
				CODE_SIGN_STYLE = Automatic;
				INFOPLIST_FILE = "Take me homeTests/Info.plist";
				LD_RUNPATH_SEARCH_PATHS = "$(inherited) @executable_path/Frameworks @loader_path/Frameworks";
				PRODUCT_BUNDLE_IDENTIFIER = "chalgs.Take-me-homeTests";
				PRODUCT_NAME = "$(TARGET_NAME)";
				SWIFT_VERSION = 4.0;
				TARGETED_DEVICE_FAMILY = "1,2";
				TEST_HOST = "$(BUILT_PRODUCTS_DIR)/Take me home.app/Take me home";
			};
			name = Debug;
		};
		2952BECB20140CC20074D768 /* Release */ = {
			isa = XCBuildConfiguration;
			buildSettings = {
				ALWAYS_EMBED_SWIFT_STANDARD_LIBRARIES = YES;
				BUNDLE_LOADER = "$(TEST_HOST)";
				CODE_SIGN_STYLE = Automatic;
				INFOPLIST_FILE = "Take me homeTests/Info.plist";
				LD_RUNPATH_SEARCH_PATHS = "$(inherited) @executable_path/Frameworks @loader_path/Frameworks";
				PRODUCT_BUNDLE_IDENTIFIER = "chalgs.Take-me-homeTests";
				PRODUCT_NAME = "$(TARGET_NAME)";
				SWIFT_VERSION = 4.0;
				TARGETED_DEVICE_FAMILY = "1,2";
				TEST_HOST = "$(BUILT_PRODUCTS_DIR)/Take me home.app/Take me home";
			};
			name = Release;
		};
		2952BECD20140CC20074D768 /* Debug */ = {
			isa = XCBuildConfiguration;
			buildSettings = {
				ALWAYS_EMBED_SWIFT_STANDARD_LIBRARIES = YES;
				CODE_SIGN_STYLE = Automatic;
				INFOPLIST_FILE = "Take me homeUITests/Info.plist";
				LD_RUNPATH_SEARCH_PATHS = "$(inherited) @executable_path/Frameworks @loader_path/Frameworks";
				PRODUCT_BUNDLE_IDENTIFIER = "chalgs.Take-me-homeUITests";
				PRODUCT_NAME = "$(TARGET_NAME)";
				SWIFT_VERSION = 4.0;
				TARGETED_DEVICE_FAMILY = "1,2";
				TEST_TARGET_NAME = "Take me home";
			};
			name = Debug;
		};
		2952BECE20140CC20074D768 /* Release */ = {
			isa = XCBuildConfiguration;
			buildSettings = {
				ALWAYS_EMBED_SWIFT_STANDARD_LIBRARIES = YES;
				CODE_SIGN_STYLE = Automatic;
				INFOPLIST_FILE = "Take me homeUITests/Info.plist";
				LD_RUNPATH_SEARCH_PATHS = "$(inherited) @executable_path/Frameworks @loader_path/Frameworks";
				PRODUCT_BUNDLE_IDENTIFIER = "chalgs.Take-me-homeUITests";
				PRODUCT_NAME = "$(TARGET_NAME)";
				SWIFT_VERSION = 4.0;
				TARGETED_DEVICE_FAMILY = "1,2";
				TEST_TARGET_NAME = "Take me home";
			};
			name = Release;
		};
/* End XCBuildConfiguration section */

/* Begin XCConfigurationList section */
		2952BE9920140CC00074D768 /* Build configuration list for PBXProject "Take me home" */ = {
			isa = XCConfigurationList;
			buildConfigurations = (
				2952BEC420140CC20074D768 /* Debug */,
				2952BEC520140CC20074D768 /* Release */,
			);
			defaultConfigurationIsVisible = 0;
			defaultConfigurationName = Release;
		};
		2952BEC620140CC20074D768 /* Build configuration list for PBXNativeTarget "Take me home" */ = {
			isa = XCConfigurationList;
			buildConfigurations = (
				2952BEC720140CC20074D768 /* Debug */,
				2952BEC820140CC20074D768 /* Release */,
			);
			defaultConfigurationIsVisible = 0;
			defaultConfigurationName = Release;
		};
		2952BEC920140CC20074D768 /* Build configuration list for PBXNativeTarget "Take me homeTests" */ = {
			isa = XCConfigurationList;
			buildConfigurations = (
				2952BECA20140CC20074D768 /* Debug */,
				2952BECB20140CC20074D768 /* Release */,
			);
			defaultConfigurationIsVisible = 0;
			defaultConfigurationName = Release;
		};
		2952BECC20140CC20074D768 /* Build configuration list for PBXNativeTarget "Take me homeUITests" */ = {
			isa = XCConfigurationList;
			buildConfigurations = (
				2952BECD20140CC20074D768 /* Debug */,
				2952BECE20140CC20074D768 /* Release */,
			);
			defaultConfigurationIsVisible = 0;
			defaultConfigurationName = Release;
		};
/* End XCConfigurationList section */
	};
	rootObject = 2952BE9620140CC00074D768 /* Project object */;
}
